
Microsoft Visual Studio Solution File, Format Version 12.00
# Visual Studio Version 17
VisualStudioVersion = 17.1.31911.260
MinimumVisualStudioVersion = 10.0.40219.1
Project("{2150E333-8FDC-42A3-9474-1A3956D46DE8}") = "NotificationService", "NotificationService", "{DAF40315-0971-4B20-804A-32C67A09DBF5}"
EndProject
Project("{2150E333-8FDC-42A3-9474-1A3956D46DE8}") = "src", "src", "{CC6C3FD9-F1CD-493C-B7FE-ACE19C6F1E5B}"
EndProject
Project("{9A19103F-16F7-4668-BE54-9A1E7A4F7556}") = "GoodToWork.NotificationService.Domain", "GoodToWork.NotificationService.Domain\GoodToWork.NotificationService.Domain.csproj", "{620486E8-0952-43C2-888A-1E05F24018D2}"
EndProject
Project("{9A19103F-16F7-4668-BE54-9A1E7A4F7556}") = "GoodToWork.NotificationService.Application", "GoodToWork.NotificationService.Application\GoodToWork.NotificationService.Application.csproj", "{A8EF63A1-40D7-42D9-93AF-6D0CE9CAA4B8}"
EndProject
Project("{2150E333-8FDC-42A3-9474-1A3956D46DE8}") = "tests", "tests", "{1E01E28F-4AA0-489A-9319-067B45AA075A}"
EndProject
Project("{FAE04EC0-301F-11D3-BF4B-00C04F79EFBC}") = "GoodToWork.NoticicationService.Application.Tests", "GoodToWork.NoticicationService.Application.Tests\GoodToWork.NoticicationService.Application.Tests.csproj", "{8396D7F3-BEFF-49DA-9718-728F3A24E380}"
EndProject
Global
	GlobalSection(SolutionConfigurationPlatforms) = preSolution
		Debug|Any CPU = Debug|Any CPU
		Release|Any CPU = Release|Any CPU
	EndGlobalSection
	GlobalSection(ProjectConfigurationPlatforms) = postSolution
		{620486E8-0952-43C2-888A-1E05F24018D2}.Debug|Any CPU.ActiveCfg = Debug|Any CPU
		{620486E8-0952-43C2-888A-1E05F24018D2}.Debug|Any CPU.Build.0 = Debug|Any CPU
		{620486E8-0952-43C2-888A-1E05F24018D2}.Release|Any CPU.ActiveCfg = Release|Any CPU
		{620486E8-0952-43C2-888A-1E05F24018D2}.Release|Any CPU.Build.0 = Release|Any CPU
		{A8EF63A1-40D7-42D9-93AF-6D0CE9CAA4B8}.Debug|Any CPU.ActiveCfg = Debug|Any CPU
		{A8EF63A1-40D7-42D9-93AF-6D0CE9CAA4B8}.Debug|Any CPU.Build.0 = Debug|Any CPU
		{A8EF63A1-40D7-42D9-93AF-6D0CE9CAA4B8}.Release|Any CPU.ActiveCfg = Release|Any CPU
		{A8EF63A1-40D7-42D9-93AF-6D0CE9CAA4B8}.Release|Any CPU.Build.0 = Release|Any CPU
		{8396D7F3-BEFF-49DA-9718-728F3A24E380}.Debug|Any CPU.ActiveCfg = Debug|Any CPU
		{8396D7F3-BEFF-49DA-9718-728F3A24E380}.Debug|Any CPU.Build.0 = Debug|Any CPU
		{8396D7F3-BEFF-49DA-9718-728F3A24E380}.Release|Any CPU.ActiveCfg = Release|Any CPU
		{8396D7F3-BEFF-49DA-9718-728F3A24E380}.Release|Any CPU.Build.0 = Release|Any CPU
	EndGlobalSection
	GlobalSection(SolutionProperties) = preSolution
		HideSolutionNode = FALSE
	EndGlobalSection
	GlobalSection(NestedProjects) = preSolution
		{CC6C3FD9-F1CD-493C-B7FE-ACE19C6F1E5B} = {DAF40315-0971-4B20-804A-32C67A09DBF5}
		{620486E8-0952-43C2-888A-1E05F24018D2} = {CC6C3FD9-F1CD-493C-B7FE-ACE19C6F1E5B}
		{A8EF63A1-40D7-42D9-93AF-6D0CE9CAA4B8} = {CC6C3FD9-F1CD-493C-B7FE-ACE19C6F1E5B}
		{1E01E28F-4AA0-489A-9319-067B45AA075A} = {DAF40315-0971-4B20-804A-32C67A09DBF5}
		{8396D7F3-BEFF-49DA-9718-728F3A24E380} = {1E01E28F-4AA0-489A-9319-067B45AA075A}
	EndGlobalSection
	GlobalSection(ExtensibilityGlobals) = postSolution
		SolutionGuid = {9B961D32-41B4-42A3-9E1C-0A2DA9F9450B}
	EndGlobalSection
EndGlobal
