
Microsoft Visual Studio Solution File, Format Version 12.00
# Visual Studio Version 17
VisualStudioVersion = 17.1.31911.260
MinimumVisualStudioVersion = 10.0.40219.1
Project("{2150E333-8FDC-42A3-9474-1A3956D46DE8}") = "TasksOrganizer", "TasksOrganizer", "{EFB60118-7335-42D2-8794-777639454364}"
EndProject
Project("{2150E333-8FDC-42A3-9474-1A3956D46DE8}") = "src", "src", "{D9158101-DEAD-4310-B8F4-E6F8F0E318AF}"
EndProject
Project("{2150E333-8FDC-42A3-9474-1A3956D46DE8}") = "tests", "tests", "{389EDDD3-2784-4508-B19F-FE50F076FFE3}"
EndProject
Project("{9A19103F-16F7-4668-BE54-9A1E7A4F7556}") = "GoodToWork.TasksOrganizer.Domain", "GoodToWork.TasksOrganizer.Domain\GoodToWork.TasksOrganizer.Domain.csproj", "{491E8A70-16FC-452C-BD4F-372B967D9771}"
EndProject
Project("{9A19103F-16F7-4668-BE54-9A1E7A4F7556}") = "GoodToWork.TasksOrganizer.Infrastructure", "GoodToWork.TasksOrganizer.Infrastructure\GoodToWork.TasksOrganizer.Infrastructure.csproj", "{C0B3C8D5-C4F9-488B-BAA0-3DC26DAB402A}"
EndProject
Project("{9A19103F-16F7-4668-BE54-9A1E7A4F7556}") = "GoodToWork.TasksOrganizer.Application", "GoodToWork.TasksOrganizer.Application\GoodToWork.TasksOrganizer.Application.csproj", "{72778149-AB89-41B4-822E-F5206CCBCFE6}"
EndProject
Project("{9A19103F-16F7-4668-BE54-9A1E7A4F7556}") = "GoodToWork.TasksOrganizer.Infrastructure.Tests", "GoodToWork.TasksOrganizer.Infrastructure.Tests\GoodToWork.TasksOrganizer.Infrastructure.Tests.csproj", "{ADC8FC17-8914-4557-8CD2-8F4C1910A697}"
EndProject
Project("{9A19103F-16F7-4668-BE54-9A1E7A4F7556}") = "GoodToWork.TasksOrganizer.Application.Tests", "GoodToWork.TasksOrganizer.Application.Tests\GoodToWork.TasksOrganizer.Application.Tests.csproj", "{E565D7AD-72E3-41BC-AF48-6D455A5AB904}"
EndProject
Global
	GlobalSection(SolutionConfigurationPlatforms) = preSolution
		Debug|Any CPU = Debug|Any CPU
		Release|Any CPU = Release|Any CPU
	EndGlobalSection
	GlobalSection(ProjectConfigurationPlatforms) = postSolution
		{491E8A70-16FC-452C-BD4F-372B967D9771}.Debug|Any CPU.ActiveCfg = Debug|Any CPU
		{491E8A70-16FC-452C-BD4F-372B967D9771}.Debug|Any CPU.Build.0 = Debug|Any CPU
		{491E8A70-16FC-452C-BD4F-372B967D9771}.Release|Any CPU.ActiveCfg = Release|Any CPU
		{491E8A70-16FC-452C-BD4F-372B967D9771}.Release|Any CPU.Build.0 = Release|Any CPU
		{C0B3C8D5-C4F9-488B-BAA0-3DC26DAB402A}.Debug|Any CPU.ActiveCfg = Debug|Any CPU
		{C0B3C8D5-C4F9-488B-BAA0-3DC26DAB402A}.Debug|Any CPU.Build.0 = Debug|Any CPU
		{C0B3C8D5-C4F9-488B-BAA0-3DC26DAB402A}.Release|Any CPU.ActiveCfg = Release|Any CPU
		{C0B3C8D5-C4F9-488B-BAA0-3DC26DAB402A}.Release|Any CPU.Build.0 = Release|Any CPU
		{72778149-AB89-41B4-822E-F5206CCBCFE6}.Debug|Any CPU.ActiveCfg = Debug|Any CPU
		{72778149-AB89-41B4-822E-F5206CCBCFE6}.Debug|Any CPU.Build.0 = Debug|Any CPU
		{72778149-AB89-41B4-822E-F5206CCBCFE6}.Release|Any CPU.ActiveCfg = Release|Any CPU
		{72778149-AB89-41B4-822E-F5206CCBCFE6}.Release|Any CPU.Build.0 = Release|Any CPU
		{ADC8FC17-8914-4557-8CD2-8F4C1910A697}.Debug|Any CPU.ActiveCfg = Debug|Any CPU
		{ADC8FC17-8914-4557-8CD2-8F4C1910A697}.Debug|Any CPU.Build.0 = Debug|Any CPU
		{ADC8FC17-8914-4557-8CD2-8F4C1910A697}.Release|Any CPU.ActiveCfg = Release|Any CPU
		{ADC8FC17-8914-4557-8CD2-8F4C1910A697}.Release|Any CPU.Build.0 = Release|Any CPU
		{E565D7AD-72E3-41BC-AF48-6D455A5AB904}.Debug|Any CPU.ActiveCfg = Debug|Any CPU
		{E565D7AD-72E3-41BC-AF48-6D455A5AB904}.Debug|Any CPU.Build.0 = Debug|Any CPU
		{E565D7AD-72E3-41BC-AF48-6D455A5AB904}.Release|Any CPU.ActiveCfg = Release|Any CPU
		{E565D7AD-72E3-41BC-AF48-6D455A5AB904}.Release|Any CPU.Build.0 = Release|Any CPU
	EndGlobalSection
	GlobalSection(SolutionProperties) = preSolution
		HideSolutionNode = FALSE
	EndGlobalSection
	GlobalSection(NestedProjects) = preSolution
		{D9158101-DEAD-4310-B8F4-E6F8F0E318AF} = {EFB60118-7335-42D2-8794-777639454364}
		{389EDDD3-2784-4508-B19F-FE50F076FFE3} = {EFB60118-7335-42D2-8794-777639454364}
		{491E8A70-16FC-452C-BD4F-372B967D9771} = {D9158101-DEAD-4310-B8F4-E6F8F0E318AF}
		{C0B3C8D5-C4F9-488B-BAA0-3DC26DAB402A} = {D9158101-DEAD-4310-B8F4-E6F8F0E318AF}
		{72778149-AB89-41B4-822E-F5206CCBCFE6} = {D9158101-DEAD-4310-B8F4-E6F8F0E318AF}
		{ADC8FC17-8914-4557-8CD2-8F4C1910A697} = {389EDDD3-2784-4508-B19F-FE50F076FFE3}
		{E565D7AD-72E3-41BC-AF48-6D455A5AB904} = {389EDDD3-2784-4508-B19F-FE50F076FFE3}
	EndGlobalSection
	GlobalSection(ExtensibilityGlobals) = postSolution
		SolutionGuid = {9B961D32-41B4-42A3-9E1C-0A2DA9F9450B}
	EndGlobalSection
EndGlobal
